
Microsoft Visual Studio Solution File, Format Version 12.00
# Visual Studio Version 16
VisualStudioVersion = 16.0.30907.101
MinimumVisualStudioVersion = 10.0.40219.1
Project("{9A19103F-16F7-4668-BE54-9A1E7A4F7556}") = "ConsoleApp1", "ConsoleApp1\ConsoleApp1.csproj", "{D0F31C8D-1B93-4572-91A0-D1976F73D1F3}"
EndProject
Project("{9A19103F-16F7-4668-BE54-9A1E7A4F7556}") = "Yield", "Yield\Yield.csproj", "{E4E3FFDD-B05C-4F8D-A0DC-05077AFB3716}"
EndProject
Project("{9A19103F-16F7-4668-BE54-9A1E7A4F7556}") = "Volatile", "Volatile\Volatile.csproj", "{5B70FA12-3147-4C02-94C9-0A0A424CF735}"
EndProject
Project("{9A19103F-16F7-4668-BE54-9A1E7A4F7556}") = "FixedUnsafe", "FixedUnsafe\FixedUnsafe.csproj", "{67B5969D-1277-4E2A-821B-7A0A2191074C}"
EndProject
Global
	GlobalSection(SolutionConfigurationPlatforms) = preSolution
		Debug|Any CPU = Debug|Any CPU
		Release|Any CPU = Release|Any CPU
	EndGlobalSection
	GlobalSection(ProjectConfigurationPlatforms) = postSolution
		{D0F31C8D-1B93-4572-91A0-D1976F73D1F3}.Debug|Any CPU.ActiveCfg = Debug|Any CPU
		{D0F31C8D-1B93-4572-91A0-D1976F73D1F3}.Debug|Any CPU.Build.0 = Debug|Any CPU
		{D0F31C8D-1B93-4572-91A0-D1976F73D1F3}.Release|Any CPU.ActiveCfg = Release|Any CPU
		{D0F31C8D-1B93-4572-91A0-D1976F73D1F3}.Release|Any CPU.Build.0 = Release|Any CPU
		{E4E3FFDD-B05C-4F8D-A0DC-05077AFB3716}.Debug|Any CPU.ActiveCfg = Debug|Any CPU
		{E4E3FFDD-B05C-4F8D-A0DC-05077AFB3716}.Debug|Any CPU.Build.0 = Debug|Any CPU
		{E4E3FFDD-B05C-4F8D-A0DC-05077AFB3716}.Release|Any CPU.ActiveCfg = Release|Any CPU
		{E4E3FFDD-B05C-4F8D-A0DC-05077AFB3716}.Release|Any CPU.Build.0 = Release|Any CPU
		{5B70FA12-3147-4C02-94C9-0A0A424CF735}.Debug|Any CPU.ActiveCfg = Debug|Any CPU
		{5B70FA12-3147-4C02-94C9-0A0A424CF735}.Debug|Any CPU.Build.0 = Debug|Any CPU
		{5B70FA12-3147-4C02-94C9-0A0A424CF735}.Release|Any CPU.ActiveCfg = Release|Any CPU
		{5B70FA12-3147-4C02-94C9-0A0A424CF735}.Release|Any CPU.Build.0 = Release|Any CPU
		{67B5969D-1277-4E2A-821B-7A0A2191074C}.Debug|Any CPU.ActiveCfg = Debug|Any CPU
		{67B5969D-1277-4E2A-821B-7A0A2191074C}.Debug|Any CPU.Build.0 = Debug|Any CPU
		{67B5969D-1277-4E2A-821B-7A0A2191074C}.Release|Any CPU.ActiveCfg = Release|Any CPU
		{67B5969D-1277-4E2A-821B-7A0A2191074C}.Release|Any CPU.Build.0 = Release|Any CPU
	EndGlobalSection
	GlobalSection(SolutionProperties) = preSolution
		HideSolutionNode = FALSE
	EndGlobalSection
	GlobalSection(ExtensibilityGlobals) = postSolution
		SolutionGuid = {473570AA-773F-4B76-9BBA-472C060C7D19}
	EndGlobalSection
EndGlobal
